// !$*UTF8*$!
{
	archiveVersion = 1;
	classes = {
	};
	objectVersion = 50;
	objects = {

/* Begin PBXBuildFile section */
		07BD1428244B322D6BEBCACB /* Pods_TipTapTests.framework in Frameworks */ = {isa = PBXBuildFile; fileRef = 94155FE91CA75E45A37911BD /* Pods_TipTapTests.framework */; };
		34F647004371BECCAD0A25F5 /* Pods_TipTap.framework in Frameworks */ = {isa = PBXBuildFile; fileRef = E6376FA0B5704EE127D34759 /* Pods_TipTap.framework */; };
		3F041A962C6129A655139026 /* Pods_TipTapUITests.framework in Frameworks */ = {isa = PBXBuildFile; fileRef = 3ACC9DFC0C426B15FA874266 /* Pods_TipTapUITests.framework */; };
		A0AD5DD0212CF91C00D76543 /* TTSharedCollectionViewListCell.swift in Sources */ = {isa = PBXBuildFile; fileRef = A0AD5DCF212CF91C00D76543 /* TTSharedCollectionViewListCell.swift */; };
		A0AD5DD2212CFAB200D76543 /* TestDiary.swift in Sources */ = {isa = PBXBuildFile; fileRef = A0AD5DD1212CFAB200D76543 /* TestDiary.swift */; };
		A0AD5DD4212FE2E600D76543 /* TTSharedCollectionViewDiaryCell.swift in Sources */ = {isa = PBXBuildFile; fileRef = A0AD5DD3212FE2E600D76543 /* TTSharedCollectionViewDiaryCell.swift */; };
		A0AD5DD6212FEA7A00D76543 /* TTSharedDiaryView.swift in Sources */ = {isa = PBXBuildFile; fileRef = A0AD5DD5212FEA7A00D76543 /* TTSharedDiaryView.swift */; };
		A11F61B52123E6A90029E80A /* AppDelegate.swift in Sources */ = {isa = PBXBuildFile; fileRef = A11F61B42123E6A90029E80A /* AppDelegate.swift */; };
		A11F61B72123E6A90029E80A /* ViewController.swift in Sources */ = {isa = PBXBuildFile; fileRef = A11F61B62123E6A90029E80A /* ViewController.swift */; };
		A11F61BA2123E6A90029E80A /* Main.storyboard in Resources */ = {isa = PBXBuildFile; fileRef = A11F61B82123E6A90029E80A /* Main.storyboard */; };
		A11F61BC2123E6AA0029E80A /* Assets.xcassets in Resources */ = {isa = PBXBuildFile; fileRef = A11F61BB2123E6AA0029E80A /* Assets.xcassets */; };
		A11F61BF2123E6AA0029E80A /* LaunchScreen.storyboard in Resources */ = {isa = PBXBuildFile; fileRef = A11F61BD2123E6AA0029E80A /* LaunchScreen.storyboard */; };
		A11F61CA2123E6AA0029E80A /* TipTapTests.swift in Sources */ = {isa = PBXBuildFile; fileRef = A11F61C92123E6AA0029E80A /* TipTapTests.swift */; };
		A11F61D52123E6AB0029E80A /* TipTapUITests.swift in Sources */ = {isa = PBXBuildFile; fileRef = A11F61D42123E6AB0029E80A /* TipTapUITests.swift */; };
		A12211D12154E258004F931D /* TTDiaryData.swift in Sources */ = {isa = PBXBuildFile; fileRef = A12211D02154E258004F931D /* TTDiaryData.swift */; };
		A12211D521564B59004F931D /* TTCanShowAlert.swift in Sources */ = {isa = PBXBuildFile; fileRef = A12211D421564B59004F931D /* TTCanShowAlert.swift */; };
		A12211DB21579060004F931D /* TTTodayDiaryService.swift in Sources */ = {isa = PBXBuildFile; fileRef = A12211DA21579060004F931D /* TTTodayDiaryService.swift */; };
		A13FF2192123EBB600FB5642 /* TTLogin.storyboard in Resources */ = {isa = PBXBuildFile; fileRef = A13FF2182123EBB600FB5642 /* TTLogin.storyboard */; };
		A13FF21B2123EC4600FB5642 /* TTLoginViewController.swift in Sources */ = {isa = PBXBuildFile; fileRef = A13FF21A2123EC4600FB5642 /* TTLoginViewController.swift */; };
		A13FF21F2123EED900FB5642 /* TTMainPageViewController.swift in Sources */ = {isa = PBXBuildFile; fileRef = A13FF21E2123EED900FB5642 /* TTMainPageViewController.swift */; };
		A13FF2222123F85100FB5642 /* TTSharedViewController.swift in Sources */ = {isa = PBXBuildFile; fileRef = A13FF2212123F85100FB5642 /* TTSharedViewController.swift */; };
		A13FF2242123F86000FB5642 /* SharedDiary.storyboard in Resources */ = {isa = PBXBuildFile; fileRef = A13FF2232123F86000FB5642 /* SharedDiary.storyboard */; };
		A13FF2272123FB8600FB5642 /* UIViewExtension.swift in Sources */ = {isa = PBXBuildFile; fileRef = A13FF2262123FB8600FB5642 /* UIViewExtension.swift */; };
		A13FF22D2123FBEB00FB5642 /* mask.png in Resources */ = {isa = PBXBuildFile; fileRef = A13FF22C2123FBEB00FB5642 /* mask.png */; };
		A13FF22F2123FF0500FB5642 /* UIPageViewControllerExtension.swift in Sources */ = {isa = PBXBuildFile; fileRef = A13FF22E2123FF0500FB5642 /* UIPageViewControllerExtension.swift */; };
		A13FF2372124047100FB5642 /* NotificationExtension.swift in Sources */ = {isa = PBXBuildFile; fileRef = A13FF2362124047100FB5642 /* NotificationExtension.swift */; };
		A13FF239212409B300FB5642 /* TTSharedVCExtension.swift in Sources */ = {isa = PBXBuildFile; fileRef = A13FF238212409B300FB5642 /* TTSharedVCExtension.swift */; };
		A13FF23C21271ED400FB5642 /* KakaoOpenSDK.framework in Frameworks */ = {isa = PBXBuildFile; fileRef = A13FF23B21271ED400FB5642 /* KakaoOpenSDK.framework */; };
		A13FF23E2127316B00FB5642 /* UIAlertControllerExtension.swift in Sources */ = {isa = PBXBuildFile; fileRef = A13FF23D2127316B00FB5642 /* UIAlertControllerExtension.swift */; };
		A13FF2412127370C00FB5642 /* EditDiary.storyboard in Resources */ = {isa = PBXBuildFile; fileRef = A13FF2402127370C00FB5642 /* EditDiary.storyboard */; };
		A13FF2432127371D00FB5642 /* TTEditDiaryViewController.swift in Sources */ = {isa = PBXBuildFile; fileRef = A13FF2422127371D00FB5642 /* TTEditDiaryViewController.swift */; };
		A13FF246212738C900FB5642 /* TTCurrentTimeGettable.swift in Sources */ = {isa = PBXBuildFile; fileRef = A13FF245212738C900FB5642 /* TTCurrentTimeGettable.swift */; };
		A13FF24821273C0100FB5642 /* TTCurrentLocationGettable.swift in Sources */ = {isa = PBXBuildFile; fileRef = A13FF24721273C0100FB5642 /* TTCurrentLocationGettable.swift */; };
		A13FF2502127E73D00FB5642 /* TTTodayDiaryViewController.swift in Sources */ = {isa = PBXBuildFile; fileRef = A13FF24F2127E73D00FB5642 /* TTTodayDiaryViewController.swift */; };
		A13FF2522128255100FB5642 /* TTDiaryOutlineContainer.swift in Sources */ = {isa = PBXBuildFile; fileRef = A13FF2512128255100FB5642 /* TTDiaryOutlineContainer.swift */; };
		A13FF2542128350400FB5642 /* UIColorExtension.swift in Sources */ = {isa = PBXBuildFile; fileRef = A13FF2532128350400FB5642 /* UIColorExtension.swift */; };
		A13FF2562128464800FB5642 /* TTPostMainView.swift in Sources */ = {isa = PBXBuildFile; fileRef = A13FF2552128464800FB5642 /* TTPostMainView.swift */; };
		A13FF25821284C3C00FB5642 /* TTPostContainer.swift in Sources */ = {isa = PBXBuildFile; fileRef = A13FF25721284C3C00FB5642 /* TTPostContainer.swift */; };
		A1466791213066AF00A15CF3 /* DetailDiary.storyboard in Resources */ = {isa = PBXBuildFile; fileRef = A1466790213066AF00A15CF3 /* DetailDiary.storyboard */; };
		A14667932130677100A15CF3 /* TTDetailDiaryOutlineView.swift in Sources */ = {isa = PBXBuildFile; fileRef = A14667922130677100A15CF3 /* TTDetailDiaryOutlineView.swift */; };
		A1466794213068F000A15CF3 /* TTDetailDiaryViewController.swift in Sources */ = {isa = PBXBuildFile; fileRef = A146678C2130664800A15CF3 /* TTDetailDiaryViewController.swift */; };
		A1466795213068F300A15CF3 /* TTDetailDiaryPresenter.swift in Sources */ = {isa = PBXBuildFile; fileRef = A146678F2130664800A15CF3 /* TTDetailDiaryPresenter.swift */; };
		A1466796213068F700A15CF3 /* TTDetailDiaryInteractor.swift in Sources */ = {isa = PBXBuildFile; fileRef = A146678E2130664800A15CF3 /* TTDetailDiaryInteractor.swift */; };
		A1466797213068FA00A15CF3 /* TTDetailDiaryWireFrame.swift in Sources */ = {isa = PBXBuildFile; fileRef = A146678D2130664800A15CF3 /* TTDetailDiaryWireFrame.swift */; };
		A146679B21307A6900A15CF3 /* TTDetailImageCell.swift in Sources */ = {isa = PBXBuildFile; fileRef = A146679921307A6900A15CF3 /* TTDetailImageCell.swift */; };
		A146679C21307A6900A15CF3 /* TTDetailImageCell.xib in Resources */ = {isa = PBXBuildFile; fileRef = A146679A21307A6900A15CF3 /* TTDetailImageCell.xib */; };
		A146679E21307B0700A15CF3 /* sampleImage.jpeg in Resources */ = {isa = PBXBuildFile; fileRef = A146679D21307B0700A15CF3 /* sampleImage.jpeg */; };
		A14667A121307B3300A15CF3 /* TTDetailTextCell.swift in Sources */ = {isa = PBXBuildFile; fileRef = A146679F21307B3300A15CF3 /* TTDetailTextCell.swift */; };
		A14667A221307B3300A15CF3 /* TTDetailTextCell.xib in Resources */ = {isa = PBXBuildFile; fileRef = A14667A021307B3300A15CF3 /* TTDetailTextCell.xib */; };
		A14667A421307C6E00A15CF3 /* TTDetailDiaryService.swift in Sources */ = {isa = PBXBuildFile; fileRef = A14667A321307C6E00A15CF3 /* TTDetailDiaryService.swift */; };
		A14667A82130D11D00A15CF3 /* TTMyDiaryCell.swift in Sources */ = {isa = PBXBuildFile; fileRef = A14667A62130D11D00A15CF3 /* TTMyDiaryCell.swift */; };
		A14667A92130D11D00A15CF3 /* TTMyDiaryCell.xib in Resources */ = {isa = PBXBuildFile; fileRef = A14667A72130D11D00A15CF3 /* TTMyDiaryCell.xib */; };
		A17ED5FB2148085F00E28462 /* TTAPIManager.swift in Sources */ = {isa = PBXBuildFile; fileRef = A17ED5FA2148085F00E28462 /* TTAPIManager.swift */; };
		A17ED5FD214809C400E28462 /* TTAuthAPIManager.swift in Sources */ = {isa = PBXBuildFile; fileRef = A17ED5FC214809C400E28462 /* TTAuthAPIManager.swift */; };
		A17ED5FF214AB76B00E28462 /* TTDeviceInfo.swift in Sources */ = {isa = PBXBuildFile; fileRef = A17ED5FE214AB76B00E28462 /* TTDeviceInfo.swift */; };
		BAD3AB292126647C008F417C /* TTMyDiaryViewController.swift in Sources */ = {isa = PBXBuildFile; fileRef = BAD3AB282126647C008F417C /* TTMyDiaryViewController.swift */; };
		BAD3AB2C212668BF008F417C /* TTBaseViewController.swift in Sources */ = {isa = PBXBuildFile; fileRef = BAD3AB2B212668BF008F417C /* TTBaseViewController.swift */; };
		BAD3AB2E212669DE008F417C /* TTBasePresenter.swift in Sources */ = {isa = PBXBuildFile; fileRef = BAD3AB2D212669DE008F417C /* TTBasePresenter.swift */; };
		BAD3AB3021266A9B008F417C /* TTBaseWireFrame.swift in Sources */ = {isa = PBXBuildFile; fileRef = BAD3AB2F21266A9A008F417C /* TTBaseWireFrame.swift */; };
		BAD3AB3221266C4E008F417C /* TTMyDiaryPresenter.swift in Sources */ = {isa = PBXBuildFile; fileRef = BAD3AB3121266C4E008F417C /* TTMyDiaryPresenter.swift */; };
		BAD3AB3421266F80008F417C /* TTMyDiaryInteractor.swift in Sources */ = {isa = PBXBuildFile; fileRef = BAD3AB3321266F80008F417C /* TTMyDiaryInteractor.swift */; };
		BAD3AB3721267165008F417C /* TTMyDiaryService.swift in Sources */ = {isa = PBXBuildFile; fileRef = BAD3AB3621267165008F417C /* TTMyDiaryService.swift */; };
		BAD3AB3B212672F3008F417C /* TTServiceResult.swift in Sources */ = {isa = PBXBuildFile; fileRef = BAD3AB3A212672F3008F417C /* TTServiceResult.swift */; };
		BAD3AB3D21268957008F417C /* TTMyDiaryWireFrame.swift in Sources */ = {isa = PBXBuildFile; fileRef = BAD3AB3C21268957008F417C /* TTMyDiaryWireFrame.swift */; };
		BAD3AB792126F09F008F417C /* MyDiary.storyboard in Resources */ = {isa = PBXBuildFile; fileRef = BAD3AB782126F09F008F417C /* MyDiary.storyboard */; };
		BAD3AB812126F83F008F417C /* MyDiaryCell.swift in Sources */ = {isa = PBXBuildFile; fileRef = BAD3AB7F2126F83F008F417C /* MyDiaryCell.swift */; };
		BAD3AB822126F83F008F417C /* MyDiaryCell.xib in Resources */ = {isa = PBXBuildFile; fileRef = BAD3AB802126F83F008F417C /* MyDiaryCell.xib */; };
/* End PBXBuildFile section */

/* Begin PBXContainerItemProxy section */
		A11F61C62123E6AA0029E80A /* PBXContainerItemProxy */ = {
			isa = PBXContainerItemProxy;
			containerPortal = A11F61A92123E6A90029E80A /* Project object */;
			proxyType = 1;
			remoteGlobalIDString = A11F61B02123E6A90029E80A;
			remoteInfo = TipTap;
		};
		A11F61D12123E6AB0029E80A /* PBXContainerItemProxy */ = {
			isa = PBXContainerItemProxy;
			containerPortal = A11F61A92123E6A90029E80A /* Project object */;
			proxyType = 1;
			remoteGlobalIDString = A11F61B02123E6A90029E80A;
			remoteInfo = TipTap;
		};
/* End PBXContainerItemProxy section */

/* Begin PBXFileReference section */
		161AD5D6554CB9C06A9BC1FE /* Pods-TipTapTests.debug.xcconfig */ = {isa = PBXFileReference; includeInIndex = 1; lastKnownFileType = text.xcconfig; name = "Pods-TipTapTests.debug.xcconfig"; path = "Pods/Target Support Files/Pods-TipTapTests/Pods-TipTapTests.debug.xcconfig"; sourceTree = "<group>"; };
		3ACC9DFC0C426B15FA874266 /* Pods_TipTapUITests.framework */ = {isa = PBXFileReference; explicitFileType = wrapper.framework; includeInIndex = 0; path = Pods_TipTapUITests.framework; sourceTree = BUILT_PRODUCTS_DIR; };
		45FECE14D4A33994E9A93E25 /* Pods-TipTapUITests.debug.xcconfig */ = {isa = PBXFileReference; includeInIndex = 1; lastKnownFileType = text.xcconfig; name = "Pods-TipTapUITests.debug.xcconfig"; path = "Pods/Target Support Files/Pods-TipTapUITests/Pods-TipTapUITests.debug.xcconfig"; sourceTree = "<group>"; };
		7294FE1D1B42843F732E2B6F /* Pods-TipTap.debug.xcconfig */ = {isa = PBXFileReference; includeInIndex = 1; lastKnownFileType = text.xcconfig; name = "Pods-TipTap.debug.xcconfig"; path = "Pods/Target Support Files/Pods-TipTap/Pods-TipTap.debug.xcconfig"; sourceTree = "<group>"; };
		8A6C5BA4B6A3D70CF9F7B527 /* Pods-TipTapTests.release.xcconfig */ = {isa = PBXFileReference; includeInIndex = 1; lastKnownFileType = text.xcconfig; name = "Pods-TipTapTests.release.xcconfig"; path = "Pods/Target Support Files/Pods-TipTapTests/Pods-TipTapTests.release.xcconfig"; sourceTree = "<group>"; };
		94155FE91CA75E45A37911BD /* Pods_TipTapTests.framework */ = {isa = PBXFileReference; explicitFileType = wrapper.framework; includeInIndex = 0; path = Pods_TipTapTests.framework; sourceTree = BUILT_PRODUCTS_DIR; };
		9D9BA63B41D47F3B40D2519F /* Pods-TipTap.release.xcconfig */ = {isa = PBXFileReference; includeInIndex = 1; lastKnownFileType = text.xcconfig; name = "Pods-TipTap.release.xcconfig"; path = "Pods/Target Support Files/Pods-TipTap/Pods-TipTap.release.xcconfig"; sourceTree = "<group>"; };
		A0AD5DCF212CF91C00D76543 /* TTSharedCollectionViewListCell.swift */ = {isa = PBXFileReference; lastKnownFileType = sourcecode.swift; path = TTSharedCollectionViewListCell.swift; sourceTree = "<group>"; };
		A0AD5DD1212CFAB200D76543 /* TestDiary.swift */ = {isa = PBXFileReference; lastKnownFileType = sourcecode.swift; path = TestDiary.swift; sourceTree = "<group>"; };
		A0AD5DD3212FE2E600D76543 /* TTSharedCollectionViewDiaryCell.swift */ = {isa = PBXFileReference; lastKnownFileType = sourcecode.swift; path = TTSharedCollectionViewDiaryCell.swift; sourceTree = "<group>"; };
		A0AD5DD5212FEA7A00D76543 /* TTSharedDiaryView.swift */ = {isa = PBXFileReference; lastKnownFileType = sourcecode.swift; path = TTSharedDiaryView.swift; sourceTree = "<group>"; };
		A11F61B12123E6A90029E80A /* TipTap.app */ = {isa = PBXFileReference; explicitFileType = wrapper.application; includeInIndex = 0; path = TipTap.app; sourceTree = BUILT_PRODUCTS_DIR; };
		A11F61B42123E6A90029E80A /* AppDelegate.swift */ = {isa = PBXFileReference; lastKnownFileType = sourcecode.swift; path = AppDelegate.swift; sourceTree = "<group>"; };
		A11F61B62123E6A90029E80A /* ViewController.swift */ = {isa = PBXFileReference; lastKnownFileType = sourcecode.swift; path = ViewController.swift; sourceTree = "<group>"; };
		A11F61B92123E6A90029E80A /* Base */ = {isa = PBXFileReference; lastKnownFileType = file.storyboard; name = Base; path = Base.lproj/Main.storyboard; sourceTree = "<group>"; };
		A11F61BB2123E6AA0029E80A /* Assets.xcassets */ = {isa = PBXFileReference; lastKnownFileType = folder.assetcatalog; path = Assets.xcassets; sourceTree = "<group>"; };
		A11F61BE2123E6AA0029E80A /* Base */ = {isa = PBXFileReference; lastKnownFileType = file.storyboard; name = Base; path = Base.lproj/LaunchScreen.storyboard; sourceTree = "<group>"; };
		A11F61C02123E6AA0029E80A /* Info.plist */ = {isa = PBXFileReference; lastKnownFileType = text.plist.xml; path = Info.plist; sourceTree = "<group>"; };
		A11F61C52123E6AA0029E80A /* TipTapTests.xctest */ = {isa = PBXFileReference; explicitFileType = wrapper.cfbundle; includeInIndex = 0; path = TipTapTests.xctest; sourceTree = BUILT_PRODUCTS_DIR; };
		A11F61C92123E6AA0029E80A /* TipTapTests.swift */ = {isa = PBXFileReference; lastKnownFileType = sourcecode.swift; path = TipTapTests.swift; sourceTree = "<group>"; };
		A11F61CB2123E6AB0029E80A /* Info.plist */ = {isa = PBXFileReference; lastKnownFileType = text.plist.xml; path = Info.plist; sourceTree = "<group>"; };
		A11F61D02123E6AB0029E80A /* TipTapUITests.xctest */ = {isa = PBXFileReference; explicitFileType = wrapper.cfbundle; includeInIndex = 0; path = TipTapUITests.xctest; sourceTree = BUILT_PRODUCTS_DIR; };
		A11F61D42123E6AB0029E80A /* TipTapUITests.swift */ = {isa = PBXFileReference; lastKnownFileType = sourcecode.swift; path = TipTapUITests.swift; sourceTree = "<group>"; };
		A11F61D62123E6AB0029E80A /* Info.plist */ = {isa = PBXFileReference; lastKnownFileType = text.plist.xml; path = Info.plist; sourceTree = "<group>"; };
		A12211D02154E258004F931D /* TTDiaryData.swift */ = {isa = PBXFileReference; lastKnownFileType = sourcecode.swift; path = TTDiaryData.swift; sourceTree = "<group>"; };
		A12211D421564B59004F931D /* TTCanShowAlert.swift */ = {isa = PBXFileReference; lastKnownFileType = sourcecode.swift; path = TTCanShowAlert.swift; sourceTree = "<group>"; };
		A12211DA21579060004F931D /* TTTodayDiaryService.swift */ = {isa = PBXFileReference; lastKnownFileType = sourcecode.swift; path = TTTodayDiaryService.swift; sourceTree = "<group>"; };
		A13FF2182123EBB600FB5642 /* TTLogin.storyboard */ = {isa = PBXFileReference; lastKnownFileType = file.storyboard; path = TTLogin.storyboard; sourceTree = "<group>"; };
		A13FF21A2123EC4600FB5642 /* TTLoginViewController.swift */ = {isa = PBXFileReference; lastKnownFileType = sourcecode.swift; path = TTLoginViewController.swift; sourceTree = "<group>"; };
		A13FF21E2123EED900FB5642 /* TTMainPageViewController.swift */ = {isa = PBXFileReference; lastKnownFileType = sourcecode.swift; path = TTMainPageViewController.swift; sourceTree = "<group>"; };
		A13FF2212123F85100FB5642 /* TTSharedViewController.swift */ = {isa = PBXFileReference; lastKnownFileType = sourcecode.swift; path = TTSharedViewController.swift; sourceTree = "<group>"; };
		A13FF2232123F86000FB5642 /* SharedDiary.storyboard */ = {isa = PBXFileReference; lastKnownFileType = file.storyboard; path = SharedDiary.storyboard; sourceTree = "<group>"; };
		A13FF2262123FB8600FB5642 /* UIViewExtension.swift */ = {isa = PBXFileReference; lastKnownFileType = sourcecode.swift; path = UIViewExtension.swift; sourceTree = "<group>"; };
		A13FF22C2123FBEB00FB5642 /* mask.png */ = {isa = PBXFileReference; lastKnownFileType = image.png; path = mask.png; sourceTree = "<group>"; };
		A13FF22E2123FF0500FB5642 /* UIPageViewControllerExtension.swift */ = {isa = PBXFileReference; lastKnownFileType = sourcecode.swift; path = UIPageViewControllerExtension.swift; sourceTree = "<group>"; };
		A13FF2362124047100FB5642 /* NotificationExtension.swift */ = {isa = PBXFileReference; lastKnownFileType = sourcecode.swift; path = NotificationExtension.swift; sourceTree = "<group>"; };
		A13FF238212409B300FB5642 /* TTSharedVCExtension.swift */ = {isa = PBXFileReference; lastKnownFileType = sourcecode.swift; path = TTSharedVCExtension.swift; sourceTree = "<group>"; };
		A13FF23B21271ED400FB5642 /* KakaoOpenSDK.framework */ = {isa = PBXFileReference; lastKnownFileType = wrapper.framework; path = KakaoOpenSDK.framework; sourceTree = "<group>"; };
		A13FF23D2127316B00FB5642 /* UIAlertControllerExtension.swift */ = {isa = PBXFileReference; lastKnownFileType = sourcecode.swift; path = UIAlertControllerExtension.swift; sourceTree = "<group>"; };
		A13FF2402127370C00FB5642 /* EditDiary.storyboard */ = {isa = PBXFileReference; lastKnownFileType = file.storyboard; path = EditDiary.storyboard; sourceTree = "<group>"; };
		A13FF2422127371D00FB5642 /* TTEditDiaryViewController.swift */ = {isa = PBXFileReference; lastKnownFileType = sourcecode.swift; path = TTEditDiaryViewController.swift; sourceTree = "<group>"; };
		A13FF245212738C900FB5642 /* TTCurrentTimeGettable.swift */ = {isa = PBXFileReference; lastKnownFileType = sourcecode.swift; path = TTCurrentTimeGettable.swift; sourceTree = "<group>"; };
		A13FF24721273C0100FB5642 /* TTCurrentLocationGettable.swift */ = {isa = PBXFileReference; lastKnownFileType = sourcecode.swift; path = TTCurrentLocationGettable.swift; sourceTree = "<group>"; };
		A13FF24F2127E73D00FB5642 /* TTTodayDiaryViewController.swift */ = {isa = PBXFileReference; lastKnownFileType = sourcecode.swift; path = TTTodayDiaryViewController.swift; sourceTree = "<group>"; };
		A13FF2512128255100FB5642 /* TTDiaryOutlineContainer.swift */ = {isa = PBXFileReference; lastKnownFileType = sourcecode.swift; path = TTDiaryOutlineContainer.swift; sourceTree = "<group>"; };
		A13FF2532128350400FB5642 /* UIColorExtension.swift */ = {isa = PBXFileReference; lastKnownFileType = sourcecode.swift; path = UIColorExtension.swift; sourceTree = "<group>"; };
		A13FF2552128464800FB5642 /* TTPostMainView.swift */ = {isa = PBXFileReference; lastKnownFileType = sourcecode.swift; path = TTPostMainView.swift; sourceTree = "<group>"; };
		A13FF25721284C3C00FB5642 /* TTPostContainer.swift */ = {isa = PBXFileReference; lastKnownFileType = sourcecode.swift; path = TTPostContainer.swift; sourceTree = "<group>"; };
		A146678C2130664800A15CF3 /* TTDetailDiaryViewController.swift */ = {isa = PBXFileReference; lastKnownFileType = sourcecode.swift; path = TTDetailDiaryViewController.swift; sourceTree = "<group>"; };
		A146678D2130664800A15CF3 /* TTDetailDiaryWireFrame.swift */ = {isa = PBXFileReference; lastKnownFileType = sourcecode.swift; path = TTDetailDiaryWireFrame.swift; sourceTree = "<group>"; };
		A146678E2130664800A15CF3 /* TTDetailDiaryInteractor.swift */ = {isa = PBXFileReference; lastKnownFileType = sourcecode.swift; path = TTDetailDiaryInteractor.swift; sourceTree = "<group>"; };
		A146678F2130664800A15CF3 /* TTDetailDiaryPresenter.swift */ = {isa = PBXFileReference; lastKnownFileType = sourcecode.swift; path = TTDetailDiaryPresenter.swift; sourceTree = "<group>"; };
		A1466790213066AF00A15CF3 /* DetailDiary.storyboard */ = {isa = PBXFileReference; lastKnownFileType = file.storyboard; path = DetailDiary.storyboard; sourceTree = "<group>"; };
		A14667922130677100A15CF3 /* TTDetailDiaryOutlineView.swift */ = {isa = PBXFileReference; lastKnownFileType = sourcecode.swift; path = TTDetailDiaryOutlineView.swift; sourceTree = "<group>"; };
		A146679921307A6900A15CF3 /* TTDetailImageCell.swift */ = {isa = PBXFileReference; lastKnownFileType = sourcecode.swift; path = TTDetailImageCell.swift; sourceTree = "<group>"; };
		A146679A21307A6900A15CF3 /* TTDetailImageCell.xib */ = {isa = PBXFileReference; lastKnownFileType = file.xib; path = TTDetailImageCell.xib; sourceTree = "<group>"; };
		A146679D21307B0700A15CF3 /* sampleImage.jpeg */ = {isa = PBXFileReference; lastKnownFileType = image.jpeg; path = sampleImage.jpeg; sourceTree = "<group>"; };
		A146679F21307B3300A15CF3 /* TTDetailTextCell.swift */ = {isa = PBXFileReference; lastKnownFileType = sourcecode.swift; path = TTDetailTextCell.swift; sourceTree = "<group>"; };
		A14667A021307B3300A15CF3 /* TTDetailTextCell.xib */ = {isa = PBXFileReference; lastKnownFileType = file.xib; path = TTDetailTextCell.xib; sourceTree = "<group>"; };
		A14667A321307C6E00A15CF3 /* TTDetailDiaryService.swift */ = {isa = PBXFileReference; lastKnownFileType = sourcecode.swift; path = TTDetailDiaryService.swift; sourceTree = "<group>"; };
		A14667A62130D11D00A15CF3 /* TTMyDiaryCell.swift */ = {isa = PBXFileReference; lastKnownFileType = sourcecode.swift; path = TTMyDiaryCell.swift; sourceTree = "<group>"; };
		A14667A72130D11D00A15CF3 /* TTMyDiaryCell.xib */ = {isa = PBXFileReference; lastKnownFileType = file.xib; path = TTMyDiaryCell.xib; sourceTree = "<group>"; };
		A17ED5FA2148085F00E28462 /* TTAPIManager.swift */ = {isa = PBXFileReference; lastKnownFileType = sourcecode.swift; path = TTAPIManager.swift; sourceTree = "<group>"; };
		A17ED5FC214809C400E28462 /* TTAuthAPIManager.swift */ = {isa = PBXFileReference; lastKnownFileType = sourcecode.swift; path = TTAuthAPIManager.swift; sourceTree = "<group>"; };
		A17ED5FE214AB76B00E28462 /* TTDeviceInfo.swift */ = {isa = PBXFileReference; lastKnownFileType = sourcecode.swift; path = TTDeviceInfo.swift; sourceTree = "<group>"; };
		BAD3AB282126647C008F417C /* TTMyDiaryViewController.swift */ = {isa = PBXFileReference; lastKnownFileType = sourcecode.swift; path = TTMyDiaryViewController.swift; sourceTree = "<group>"; };
		BAD3AB2B212668BF008F417C /* TTBaseViewController.swift */ = {isa = PBXFileReference; lastKnownFileType = sourcecode.swift; path = TTBaseViewController.swift; sourceTree = "<group>"; };
		BAD3AB2D212669DE008F417C /* TTBasePresenter.swift */ = {isa = PBXFileReference; lastKnownFileType = sourcecode.swift; path = TTBasePresenter.swift; sourceTree = "<group>"; };
		BAD3AB2F21266A9A008F417C /* TTBaseWireFrame.swift */ = {isa = PBXFileReference; lastKnownFileType = sourcecode.swift; path = TTBaseWireFrame.swift; sourceTree = "<group>"; };
		BAD3AB3121266C4E008F417C /* TTMyDiaryPresenter.swift */ = {isa = PBXFileReference; lastKnownFileType = sourcecode.swift; path = TTMyDiaryPresenter.swift; sourceTree = "<group>"; };
		BAD3AB3321266F80008F417C /* TTMyDiaryInteractor.swift */ = {isa = PBXFileReference; lastKnownFileType = sourcecode.swift; path = TTMyDiaryInteractor.swift; sourceTree = "<group>"; };
		BAD3AB3621267165008F417C /* TTMyDiaryService.swift */ = {isa = PBXFileReference; lastKnownFileType = sourcecode.swift; path = TTMyDiaryService.swift; sourceTree = "<group>"; };
		BAD3AB3A212672F3008F417C /* TTServiceResult.swift */ = {isa = PBXFileReference; lastKnownFileType = sourcecode.swift; path = TTServiceResult.swift; sourceTree = "<group>"; };
		BAD3AB3C21268957008F417C /* TTMyDiaryWireFrame.swift */ = {isa = PBXFileReference; lastKnownFileType = sourcecode.swift; path = TTMyDiaryWireFrame.swift; sourceTree = "<group>"; };
		BAD3AB782126F09F008F417C /* MyDiary.storyboard */ = {isa = PBXFileReference; lastKnownFileType = file.storyboard; path = MyDiary.storyboard; sourceTree = "<group>"; };
		BAD3AB7F2126F83F008F417C /* MyDiaryCell.swift */ = {isa = PBXFileReference; lastKnownFileType = sourcecode.swift; path = MyDiaryCell.swift; sourceTree = "<group>"; };
		BAD3AB802126F83F008F417C /* MyDiaryCell.xib */ = {isa = PBXFileReference; lastKnownFileType = file.xib; path = MyDiaryCell.xib; sourceTree = "<group>"; };
		E6376FA0B5704EE127D34759 /* Pods_TipTap.framework */ = {isa = PBXFileReference; explicitFileType = wrapper.framework; includeInIndex = 0; path = Pods_TipTap.framework; sourceTree = BUILT_PRODUCTS_DIR; };
		F57B43A8AED4149F9706270F /* Pods-TipTapUITests.release.xcconfig */ = {isa = PBXFileReference; includeInIndex = 1; lastKnownFileType = text.xcconfig; name = "Pods-TipTapUITests.release.xcconfig"; path = "Pods/Target Support Files/Pods-TipTapUITests/Pods-TipTapUITests.release.xcconfig"; sourceTree = "<group>"; };
/* End PBXFileReference section */

/* Begin PBXFrameworksBuildPhase section */
		A11F61AE2123E6A90029E80A /* Frameworks */ = {
			isa = PBXFrameworksBuildPhase;
			buildActionMask = 2147483647;
			files = (
				34F647004371BECCAD0A25F5 /* Pods_TipTap.framework in Frameworks */,
				A13FF23C21271ED400FB5642 /* KakaoOpenSDK.framework in Frameworks */,
			);
			runOnlyForDeploymentPostprocessing = 0;
		};
		A11F61C22123E6AA0029E80A /* Frameworks */ = {
			isa = PBXFrameworksBuildPhase;
			buildActionMask = 2147483647;
			files = (
				07BD1428244B322D6BEBCACB /* Pods_TipTapTests.framework in Frameworks */,
			);
			runOnlyForDeploymentPostprocessing = 0;
		};
		A11F61CD2123E6AB0029E80A /* Frameworks */ = {
			isa = PBXFrameworksBuildPhase;
			buildActionMask = 2147483647;
			files = (
				3F041A962C6129A655139026 /* Pods_TipTapUITests.framework in Frameworks */,
			);
			runOnlyForDeploymentPostprocessing = 0;
		};
/* End PBXFrameworksBuildPhase section */

/* Begin PBXGroup section */
		55BB96A52F8D756EFE61D575 /* Frameworks */ = {
			isa = PBXGroup;
			children = (
				A13FF23B21271ED400FB5642 /* KakaoOpenSDK.framework */,
				E6376FA0B5704EE127D34759 /* Pods_TipTap.framework */,
				94155FE91CA75E45A37911BD /* Pods_TipTapTests.framework */,
				3ACC9DFC0C426B15FA874266 /* Pods_TipTapUITests.framework */,
			);
			name = Frameworks;
			sourceTree = "<group>";
		};
		9D6AFB65F6A7E5AA3634A91C /* Pods */ = {
			isa = PBXGroup;
			children = (
				7294FE1D1B42843F732E2B6F /* Pods-TipTap.debug.xcconfig */,
				9D9BA63B41D47F3B40D2519F /* Pods-TipTap.release.xcconfig */,
				161AD5D6554CB9C06A9BC1FE /* Pods-TipTapTests.debug.xcconfig */,
				8A6C5BA4B6A3D70CF9F7B527 /* Pods-TipTapTests.release.xcconfig */,
				45FECE14D4A33994E9A93E25 /* Pods-TipTapUITests.debug.xcconfig */,
				F57B43A8AED4149F9706270F /* Pods-TipTapUITests.release.xcconfig */,
			);
			name = Pods;
			sourceTree = "<group>";
		};
		A11F61A82123E6A90029E80A = {
			isa = PBXGroup;
			children = (
				A11F61B32123E6A90029E80A /* TipTap */,
				A11F61C82123E6AA0029E80A /* TipTapTests */,
				A11F61D32123E6AB0029E80A /* TipTapUITests */,
				A11F61B22123E6A90029E80A /* Products */,
				9D6AFB65F6A7E5AA3634A91C /* Pods */,
				55BB96A52F8D756EFE61D575 /* Frameworks */,
			);
			sourceTree = "<group>";
		};
		A11F61B22123E6A90029E80A /* Products */ = {
			isa = PBXGroup;
			children = (
				A11F61B12123E6A90029E80A /* TipTap.app */,
				A11F61C52123E6AA0029E80A /* TipTapTests.xctest */,
				A11F61D02123E6AB0029E80A /* TipTapUITests.xctest */,
			);
			name = Products;
			sourceTree = "<group>";
		};
		A11F61B32123E6A90029E80A /* TipTap */ = {
			isa = PBXGroup;
			children = (
				A11F61B42123E6A90029E80A /* AppDelegate.swift */,
				A11F61B62123E6A90029E80A /* ViewController.swift */,
				A13FF2322124040200FB5642 /* Common */,
				BAD3AB24212663BC008F417C /* Module */,
				A13FF21D2123ED3400FB5642 /* Home */,
				A13FF21C2123EC4C00FB5642 /* Login */,
				A13FF2282123FB9F00FB5642 /* Supporting Files */,
				A11F61BB2123E6AA0029E80A /* Assets.xcassets */,
				A11F61BD2123E6AA0029E80A /* LaunchScreen.storyboard */,
				A11F61C02123E6AA0029E80A /* Info.plist */,
			);
			path = TipTap;
			sourceTree = "<group>";
		};
		A11F61C82123E6AA0029E80A /* TipTapTests */ = {
			isa = PBXGroup;
			children = (
				A11F61C92123E6AA0029E80A /* TipTapTests.swift */,
				A11F61CB2123E6AB0029E80A /* Info.plist */,
			);
			path = TipTapTests;
			sourceTree = "<group>";
		};
		A11F61D32123E6AB0029E80A /* TipTapUITests */ = {
			isa = PBXGroup;
			children = (
				A11F61D42123E6AB0029E80A /* TipTapUITests.swift */,
				A11F61D62123E6AB0029E80A /* Info.plist */,
			);
			path = TipTapUITests;
			sourceTree = "<group>";
		};
		A12211CF2154E231004F931D /* Data */ = {
			isa = PBXGroup;
			children = (
				A12211D02154E258004F931D /* TTDiaryData.swift */,
			);
			path = Data;
			sourceTree = "<group>";
		};
		A13FF21C2123EC4C00FB5642 /* Login */ = {
			isa = PBXGroup;
			children = (
				A13FF2182123EBB600FB5642 /* TTLogin.storyboard */,
				A13FF21A2123EC4600FB5642 /* TTLoginViewController.swift */,
			);
			path = Login;
			sourceTree = "<group>";
		};
		A13FF21D2123ED3400FB5642 /* Home */ = {
			isa = PBXGroup;
			children = (
				A11F61B82123E6A90029E80A /* Main.storyboard */,
				A13FF21E2123EED900FB5642 /* TTMainPageViewController.swift */,
			);
			path = Home;
			sourceTree = "<group>";
		};
		A13FF2252123FB7100FB5642 /* extension */ = {
			isa = PBXGroup;
			children = (
				A13FF2262123FB8600FB5642 /* UIViewExtension.swift */,
				A13FF22E2123FF0500FB5642 /* UIPageViewControllerExtension.swift */,
				A13FF2362124047100FB5642 /* NotificationExtension.swift */,
				A13FF23D2127316B00FB5642 /* UIAlertControllerExtension.swift */,
				A13FF2532128350400FB5642 /* UIColorExtension.swift */,
			);
			path = extension;
			sourceTree = "<group>";
		};
		A13FF2282123FB9F00FB5642 /* Supporting Files */ = {
			isa = PBXGroup;
			children = (
				A146679D21307B0700A15CF3 /* sampleImage.jpeg */,
				A13FF22C2123FBEB00FB5642 /* mask.png */,
			);
			path = "Supporting Files";
			sourceTree = "<group>";
		};
		A13FF2322124040200FB5642 /* Common */ = {
			isa = PBXGroup;
			children = (
				A12211CF2154E231004F931D /* Data */,
				A17ED5F92148081C00E28462 /* API */,
				A13FF2442127389800FB5642 /* protocol */,
				BAD3AB352126712C008F417C /* Service */,
				A13FF2252123FB7100FB5642 /* extension */,
			);
			path = Common;
			sourceTree = "<group>";
		};
		A13FF23A21271A0C00FB5642 /* TodayDiary */ = {
			isa = PBXGroup;
			children = (
				A13FF24F2127E73D00FB5642 /* TTTodayDiaryViewController.swift */,
				A12211DA21579060004F931D /* TTTodayDiaryService.swift */,
			);
			path = TodayDiary;
			sourceTree = "<group>";
		};
		A13FF23F212736ED00FB5642 /* EditDiary */ = {
			isa = PBXGroup;
			children = (
				A13FF2422127371D00FB5642 /* TTEditDiaryViewController.swift */,
				A13FF2402127370C00FB5642 /* EditDiary.storyboard */,
			);
			path = EditDiary;
			sourceTree = "<group>";
		};
		A13FF2442127389800FB5642 /* protocol */ = {
			isa = PBXGroup;
			children = (
				A13FF245212738C900FB5642 /* TTCurrentTimeGettable.swift */,
				A13FF24721273C0100FB5642 /* TTCurrentLocationGettable.swift */,
				A13FF2512128255100FB5642 /* TTDiaryOutlineContainer.swift */,
				A13FF25721284C3C00FB5642 /* TTPostContainer.swift */,
				A12211D421564B59004F931D /* TTCanShowAlert.swift */,
			);
			path = protocol;
			sourceTree = "<group>";
		};
		A146678B2130662A00A15CF3 /* DetailDiary */ = {
			isa = PBXGroup;
			children = (
				A146679821307A4500A15CF3 /* Cell */,
				A146678C2130664800A15CF3 /* TTDetailDiaryViewController.swift */,
				A146678F2130664800A15CF3 /* TTDetailDiaryPresenter.swift */,
				A146678E2130664800A15CF3 /* TTDetailDiaryInteractor.swift */,
				A146678D2130664800A15CF3 /* TTDetailDiaryWireFrame.swift */,
				A14667922130677100A15CF3 /* TTDetailDiaryOutlineView.swift */,
				A1466790213066AF00A15CF3 /* DetailDiary.storyboard */,
			);
			path = DetailDiary;
			sourceTree = "<group>";
		};
		A146679821307A4500A15CF3 /* Cell */ = {
			isa = PBXGroup;
			children = (
				A146679921307A6900A15CF3 /* TTDetailImageCell.swift */,
				A146679A21307A6900A15CF3 /* TTDetailImageCell.xib */,
				A146679F21307B3300A15CF3 /* TTDetailTextCell.swift */,
				A14667A021307B3300A15CF3 /* TTDetailTextCell.xib */,
			);
			path = Cell;
			sourceTree = "<group>";
		};
		A14667A52130D0D400A15CF3 /* Cell */ = {
			isa = PBXGroup;
			children = (
				A14667A62130D11D00A15CF3 /* TTMyDiaryCell.swift */,
				A14667A72130D11D00A15CF3 /* TTMyDiaryCell.xib */,
			);
			path = Cell;
			sourceTree = "<group>";
		};
		A17ED5F92148081C00E28462 /* API */ = {
			isa = PBXGroup;
			children = (
				A17ED5FA2148085F00E28462 /* TTAPIManager.swift */,
				A17ED5FC214809C400E28462 /* TTAuthAPIManager.swift */,
				A17ED5FE214AB76B00E28462 /* TTDeviceInfo.swift */,
			);
			path = API;
			sourceTree = "<group>";
		};
		BAD3AB24212663BC008F417C /* Module */ = {
			isa = PBXGroup;
			children = (
				BAD3AB7A2126F3B8008F417C /* View */,
				BAD3AB2A21266859008F417C /* Base */,
				A146678B2130662A00A15CF3 /* DetailDiary */,
				A13FF23F212736ED00FB5642 /* EditDiary */,
				BAD3AB27212663F5008F417C /* MyDiary */,
				A13FF23A21271A0C00FB5642 /* TodayDiary */,
				BAD3AB25212663DB008F417C /* SharedDiary */,
			);
			path = Module;
			sourceTree = "<group>";
		};
		BAD3AB25212663DB008F417C /* SharedDiary */ = {
			isa = PBXGroup;
			children = (
				A13FF238212409B300FB5642 /* TTSharedVCExtension.swift */,
				A13FF2212123F85100FB5642 /* TTSharedViewController.swift */,
				A0AD5DCF212CF91C00D76543 /* TTSharedCollectionViewListCell.swift */,
				A0AD5DD3212FE2E600D76543 /* TTSharedCollectionViewDiaryCell.swift */,
				A0AD5DD5212FEA7A00D76543 /* TTSharedDiaryView.swift */,
				A0AD5DD1212CFAB200D76543 /* TestDiary.swift */,
				A13FF2232123F86000FB5642 /* SharedDiary.storyboard */,
			);
			path = SharedDiary;
			sourceTree = "<group>";
		};
		BAD3AB27212663F5008F417C /* MyDiary */ = {
			isa = PBXGroup;
			children = (
				A14667A52130D0D400A15CF3 /* Cell */,
				BAD3AB282126647C008F417C /* TTMyDiaryViewController.swift */,
				BAD3AB3121266C4E008F417C /* TTMyDiaryPresenter.swift */,
				BAD3AB3321266F80008F417C /* TTMyDiaryInteractor.swift */,
				BAD3AB3C21268957008F417C /* TTMyDiaryWireFrame.swift */,
				BAD3AB782126F09F008F417C /* MyDiary.storyboard */,
			);
			path = MyDiary;
			sourceTree = "<group>";
		};
		BAD3AB2A21266859008F417C /* Base */ = {
			isa = PBXGroup;
			children = (
				BAD3AB2B212668BF008F417C /* TTBaseViewController.swift */,
				BAD3AB2D212669DE008F417C /* TTBasePresenter.swift */,
				BAD3AB2F21266A9A008F417C /* TTBaseWireFrame.swift */,
			);
			path = Base;
			sourceTree = "<group>";
		};
		BAD3AB352126712C008F417C /* Service */ = {
			isa = PBXGroup;
			children = (
				BAD3AB3A212672F3008F417C /* TTServiceResult.swift */,
				A14667A321307C6E00A15CF3 /* TTDetailDiaryService.swift */,
				BAD3AB3621267165008F417C /* TTMyDiaryService.swift */,
			);
			path = Service;
			sourceTree = "<group>";
		};
		BAD3AB7A2126F3B8008F417C /* View */ = {
			isa = PBXGroup;
			children = (
				BAD3AB7F2126F83F008F417C /* MyDiaryCell.swift */,
				BAD3AB802126F83F008F417C /* MyDiaryCell.xib */,
				A13FF2552128464800FB5642 /* TTPostMainView.swift */,
			);
			path = View;
			sourceTree = "<group>";
		};
/* End PBXGroup section */

/* Begin PBXNativeTarget section */
		A11F61B02123E6A90029E80A /* TipTap */ = {
			isa = PBXNativeTarget;
			buildConfigurationList = A11F61D92123E6AB0029E80A /* Build configuration list for PBXNativeTarget "TipTap" */;
			buildPhases = (
				3C97D859570538D83912981A /* [CP] Check Pods Manifest.lock */,
				A11F61AD2123E6A90029E80A /* Sources */,
				A11F61AE2123E6A90029E80A /* Frameworks */,
				A11F61AF2123E6A90029E80A /* Resources */,
				CACB07DD329A7825F6068150 /* [CP] Embed Pods Frameworks */,
				E1F5140CA9E8350D61FBB662 /* [CP] Copy Pods Resources */,
			);
			buildRules = (
			);
			dependencies = (
			);
			name = TipTap;
			productName = TipTap;
			productReference = A11F61B12123E6A90029E80A /* TipTap.app */;
			productType = "com.apple.product-type.application";
		};
		A11F61C42123E6AA0029E80A /* TipTapTests */ = {
			isa = PBXNativeTarget;
			buildConfigurationList = A11F61DC2123E6AB0029E80A /* Build configuration list for PBXNativeTarget "TipTapTests" */;
			buildPhases = (
				33D641E829E69682F9ECEDCF /* [CP] Check Pods Manifest.lock */,
				A11F61C12123E6AA0029E80A /* Sources */,
				A11F61C22123E6AA0029E80A /* Frameworks */,
				A11F61C32123E6AA0029E80A /* Resources */,
				710B426DD955EDF10550EF4C /* [CP] Embed Pods Frameworks */,
				FC2E1DC798F590EEBA25AE87 /* [CP] Copy Pods Resources */,
			);
			buildRules = (
			);
			dependencies = (
				A11F61C72123E6AA0029E80A /* PBXTargetDependency */,
			);
			name = TipTapTests;
			productName = TipTapTests;
			productReference = A11F61C52123E6AA0029E80A /* TipTapTests.xctest */;
			productType = "com.apple.product-type.bundle.unit-test";
		};
		A11F61CF2123E6AB0029E80A /* TipTapUITests */ = {
			isa = PBXNativeTarget;
			buildConfigurationList = A11F61DF2123E6AB0029E80A /* Build configuration list for PBXNativeTarget "TipTapUITests" */;
			buildPhases = (
				0C746612755CED19F3C54F0A /* [CP] Check Pods Manifest.lock */,
				A11F61CC2123E6AB0029E80A /* Sources */,
				A11F61CD2123E6AB0029E80A /* Frameworks */,
				A11F61CE2123E6AB0029E80A /* Resources */,
				9555083EB91CF37D80921F00 /* [CP] Embed Pods Frameworks */,
				9CF2246CD7DE5A8F20C36E76 /* [CP] Copy Pods Resources */,
			);
			buildRules = (
			);
			dependencies = (
				A11F61D22123E6AB0029E80A /* PBXTargetDependency */,
			);
			name = TipTapUITests;
			productName = TipTapUITests;
			productReference = A11F61D02123E6AB0029E80A /* TipTapUITests.xctest */;
			productType = "com.apple.product-type.bundle.ui-testing";
		};
/* End PBXNativeTarget section */

/* Begin PBXProject section */
		A11F61A92123E6A90029E80A /* Project object */ = {
			isa = PBXProject;
			attributes = {
				LastSwiftUpdateCheck = 0940;
				LastUpgradeCheck = 0940;
				ORGANIZATIONNAME = Tiptap;
				TargetAttributes = {
					A11F61B02123E6A90029E80A = {
						CreatedOnToolsVersion = 9.4.1;
					};
					A11F61C42123E6AA0029E80A = {
						CreatedOnToolsVersion = 9.4.1;
						TestTargetID = A11F61B02123E6A90029E80A;
					};
					A11F61CF2123E6AB0029E80A = {
						CreatedOnToolsVersion = 9.4.1;
						TestTargetID = A11F61B02123E6A90029E80A;
					};
				};
			};
			buildConfigurationList = A11F61AC2123E6A90029E80A /* Build configuration list for PBXProject "TipTap" */;
			compatibilityVersion = "Xcode 9.3";
			developmentRegion = en;
			hasScannedForEncodings = 0;
			knownRegions = (
				en,
				Base,
			);
			mainGroup = A11F61A82123E6A90029E80A;
			productRefGroup = A11F61B22123E6A90029E80A /* Products */;
			projectDirPath = "";
			projectRoot = "";
			targets = (
				A11F61B02123E6A90029E80A /* TipTap */,
				A11F61C42123E6AA0029E80A /* TipTapTests */,
				A11F61CF2123E6AB0029E80A /* TipTapUITests */,
			);
		};
/* End PBXProject section */

/* Begin PBXResourcesBuildPhase section */
		A11F61AF2123E6A90029E80A /* Resources */ = {
			isa = PBXResourcesBuildPhase;
			buildActionMask = 2147483647;
			files = (
				A146679C21307A6900A15CF3 /* TTDetailImageCell.xib in Resources */,
				A13FF22D2123FBEB00FB5642 /* mask.png in Resources */,
				A11F61BF2123E6AA0029E80A /* LaunchScreen.storyboard in Resources */,
				A14667A221307B3300A15CF3 /* TTDetailTextCell.xib in Resources */,
				A1466791213066AF00A15CF3 /* DetailDiary.storyboard in Resources */,
				A11F61BC2123E6AA0029E80A /* Assets.xcassets in Resources */,
				A13FF2192123EBB600FB5642 /* TTLogin.storyboard in Resources */,
				BAD3AB792126F09F008F417C /* MyDiary.storyboard in Resources */,
				A11F61BA2123E6A90029E80A /* Main.storyboard in Resources */,
				A13FF2242123F86000FB5642 /* SharedDiary.storyboard in Resources */,
				A14667A92130D11D00A15CF3 /* TTMyDiaryCell.xib in Resources */,
				A146679E21307B0700A15CF3 /* sampleImage.jpeg in Resources */,
				A13FF2412127370C00FB5642 /* EditDiary.storyboard in Resources */,
				BAD3AB822126F83F008F417C /* MyDiaryCell.xib in Resources */,
			);
			runOnlyForDeploymentPostprocessing = 0;
		};
		A11F61C32123E6AA0029E80A /* Resources */ = {
			isa = PBXResourcesBuildPhase;
			buildActionMask = 2147483647;
			files = (
			);
			runOnlyForDeploymentPostprocessing = 0;
		};
		A11F61CE2123E6AB0029E80A /* Resources */ = {
			isa = PBXResourcesBuildPhase;
			buildActionMask = 2147483647;
			files = (
			);
			runOnlyForDeploymentPostprocessing = 0;
		};
/* End PBXResourcesBuildPhase section */

/* Begin PBXShellScriptBuildPhase section */
		0C746612755CED19F3C54F0A /* [CP] Check Pods Manifest.lock */ = {
			isa = PBXShellScriptBuildPhase;
			buildActionMask = 2147483647;
			files = (
			);
			inputPaths = (
				"${PODS_PODFILE_DIR_PATH}/Podfile.lock",
				"${PODS_ROOT}/Manifest.lock",
			);
			name = "[CP] Check Pods Manifest.lock";
			outputPaths = (
				"$(DERIVED_FILE_DIR)/Pods-TipTapUITests-checkManifestLockResult.txt",
			);
			runOnlyForDeploymentPostprocessing = 0;
			shellPath = /bin/sh;
			shellScript = "diff \"${PODS_PODFILE_DIR_PATH}/Podfile.lock\" \"${PODS_ROOT}/Manifest.lock\" > /dev/null\nif [ $? != 0 ] ; then\n    # print error to STDERR\n    echo \"error: The sandbox is not in sync with the Podfile.lock. Run 'pod install' or update your CocoaPods installation.\" >&2\n    exit 1\nfi\n# This output is used by Xcode 'outputs' to avoid re-running this script phase.\necho \"SUCCESS\" > \"${SCRIPT_OUTPUT_FILE_0}\"\n";
			showEnvVarsInLog = 0;
		};
		33D641E829E69682F9ECEDCF /* [CP] Check Pods Manifest.lock */ = {
			isa = PBXShellScriptBuildPhase;
			buildActionMask = 2147483647;
			files = (
			);
			inputPaths = (
				"${PODS_PODFILE_DIR_PATH}/Podfile.lock",
				"${PODS_ROOT}/Manifest.lock",
			);
			name = "[CP] Check Pods Manifest.lock";
			outputPaths = (
				"$(DERIVED_FILE_DIR)/Pods-TipTapTests-checkManifestLockResult.txt",
			);
			runOnlyForDeploymentPostprocessing = 0;
			shellPath = /bin/sh;
			shellScript = "diff \"${PODS_PODFILE_DIR_PATH}/Podfile.lock\" \"${PODS_ROOT}/Manifest.lock\" > /dev/null\nif [ $? != 0 ] ; then\n    # print error to STDERR\n    echo \"error: The sandbox is not in sync with the Podfile.lock. Run 'pod install' or update your CocoaPods installation.\" >&2\n    exit 1\nfi\n# This output is used by Xcode 'outputs' to avoid re-running this script phase.\necho \"SUCCESS\" > \"${SCRIPT_OUTPUT_FILE_0}\"\n";
			showEnvVarsInLog = 0;
		};
		3C97D859570538D83912981A /* [CP] Check Pods Manifest.lock */ = {
			isa = PBXShellScriptBuildPhase;
			buildActionMask = 2147483647;
			files = (
			);
			inputPaths = (
				"${PODS_PODFILE_DIR_PATH}/Podfile.lock",
				"${PODS_ROOT}/Manifest.lock",
			);
			name = "[CP] Check Pods Manifest.lock";
			outputPaths = (
				"$(DERIVED_FILE_DIR)/Pods-TipTap-checkManifestLockResult.txt",
			);
			runOnlyForDeploymentPostprocessing = 0;
			shellPath = /bin/sh;
			shellScript = "diff \"${PODS_PODFILE_DIR_PATH}/Podfile.lock\" \"${PODS_ROOT}/Manifest.lock\" > /dev/null\nif [ $? != 0 ] ; then\n    # print error to STDERR\n    echo \"error: The sandbox is not in sync with the Podfile.lock. Run 'pod install' or update your CocoaPods installation.\" >&2\n    exit 1\nfi\n# This output is used by Xcode 'outputs' to avoid re-running this script phase.\necho \"SUCCESS\" > \"${SCRIPT_OUTPUT_FILE_0}\"\n";
			showEnvVarsInLog = 0;
		};
		710B426DD955EDF10550EF4C /* [CP] Embed Pods Frameworks */ = {
			isa = PBXShellScriptBuildPhase;
			buildActionMask = 2147483647;
			files = (
			);
			inputPaths = (
			);
			name = "[CP] Embed Pods Frameworks";
			outputPaths = (
			);
			runOnlyForDeploymentPostprocessing = 0;
			shellPath = /bin/sh;
			shellScript = "\"${SRCROOT}/Pods/Target Support Files/Pods-TipTapTests/Pods-TipTapTests-frameworks.sh\"\n";
			showEnvVarsInLog = 0;
		};
		9555083EB91CF37D80921F00 /* [CP] Embed Pods Frameworks */ = {
			isa = PBXShellScriptBuildPhase;
			buildActionMask = 2147483647;
			files = (
			);
			inputPaths = (
			);
			name = "[CP] Embed Pods Frameworks";
			outputPaths = (
			);
			runOnlyForDeploymentPostprocessing = 0;
			shellPath = /bin/sh;
			shellScript = "\"${SRCROOT}/Pods/Target Support Files/Pods-TipTapUITests/Pods-TipTapUITests-frameworks.sh\"\n";
			showEnvVarsInLog = 0;
		};
		9CF2246CD7DE5A8F20C36E76 /* [CP] Copy Pods Resources */ = {
			isa = PBXShellScriptBuildPhase;
			buildActionMask = 2147483647;
			files = (
			);
			inputPaths = (
			);
			name = "[CP] Copy Pods Resources";
			outputPaths = (
			);
			runOnlyForDeploymentPostprocessing = 0;
			shellPath = /bin/sh;
			shellScript = "\"${SRCROOT}/Pods/Target Support Files/Pods-TipTapUITests/Pods-TipTapUITests-resources.sh\"\n";
			showEnvVarsInLog = 0;
		};
		CACB07DD329A7825F6068150 /* [CP] Embed Pods Frameworks */ = {
			isa = PBXShellScriptBuildPhase;
			buildActionMask = 2147483647;
			files = (
			);
			inputPaths = (
				"${SRCROOT}/Pods/Target Support Files/Pods-TipTap/Pods-TipTap-frameworks.sh",
				"${BUILT_PRODUCTS_DIR}/Alamofire/Alamofire.framework",
				"${BUILT_PRODUCTS_DIR}/ScratchCard/ScratchCard.framework",
				"${BUILT_PRODUCTS_DIR}/SnapKit/SnapKit.framework",
				"${BUILT_PRODUCTS_DIR}/SwiftyJSON/SwiftyJSON.framework",
			);
			name = "[CP] Embed Pods Frameworks";
			outputPaths = (
				"${TARGET_BUILD_DIR}/${FRAMEWORKS_FOLDER_PATH}/Alamofire.framework",
				"${TARGET_BUILD_DIR}/${FRAMEWORKS_FOLDER_PATH}/ScratchCard.framework",
				"${TARGET_BUILD_DIR}/${FRAMEWORKS_FOLDER_PATH}/SnapKit.framework",
				"${TARGET_BUILD_DIR}/${FRAMEWORKS_FOLDER_PATH}/SwiftyJSON.framework",
			);
			runOnlyForDeploymentPostprocessing = 0;
			shellPath = /bin/sh;
			shellScript = "\"${SRCROOT}/Pods/Target Support Files/Pods-TipTap/Pods-TipTap-frameworks.sh\"\n";
			showEnvVarsInLog = 0;
		};
		E1F5140CA9E8350D61FBB662 /* [CP] Copy Pods Resources */ = {
			isa = PBXShellScriptBuildPhase;
			buildActionMask = 2147483647;
			files = (
			);
			inputPaths = (
			);
			name = "[CP] Copy Pods Resources";
			outputPaths = (
			);
			runOnlyForDeploymentPostprocessing = 0;
			shellPath = /bin/sh;
			shellScript = "\"${SRCROOT}/Pods/Target Support Files/Pods-TipTap/Pods-TipTap-resources.sh\"\n";
			showEnvVarsInLog = 0;
		};
		FC2E1DC798F590EEBA25AE87 /* [CP] Copy Pods Resources */ = {
			isa = PBXShellScriptBuildPhase;
			buildActionMask = 2147483647;
			files = (
			);
			inputPaths = (
			);
			name = "[CP] Copy Pods Resources";
			outputPaths = (
			);
			runOnlyForDeploymentPostprocessing = 0;
			shellPath = /bin/sh;
			shellScript = "\"${SRCROOT}/Pods/Target Support Files/Pods-TipTapTests/Pods-TipTapTests-resources.sh\"\n";
			showEnvVarsInLog = 0;
		};
/* End PBXShellScriptBuildPhase section */

/* Begin PBXSourcesBuildPhase section */
		A11F61AD2123E6A90029E80A /* Sources */ = {
			isa = PBXSourcesBuildPhase;
			buildActionMask = 2147483647;
			files = (
				A13FF2522128255100FB5642 /* TTDiaryOutlineContainer.swift in Sources */,
				BAD3AB3221266C4E008F417C /* TTMyDiaryPresenter.swift in Sources */,
				A13FF24821273C0100FB5642 /* TTCurrentLocationGettable.swift in Sources */,
				A13FF2272123FB8600FB5642 /* UIViewExtension.swift in Sources */,
				A1466794213068F000A15CF3 /* TTDetailDiaryViewController.swift in Sources */,
				A14667932130677100A15CF3 /* TTDetailDiaryOutlineView.swift in Sources */,
				BAD3AB3021266A9B008F417C /* TTBaseWireFrame.swift in Sources */,
				A13FF2432127371D00FB5642 /* TTEditDiaryViewController.swift in Sources */,
				A13FF21B2123EC4600FB5642 /* TTLoginViewController.swift in Sources */,
				A14667A421307C6E00A15CF3 /* TTDetailDiaryService.swift in Sources */,
				A13FF23E2127316B00FB5642 /* UIAlertControllerExtension.swift in Sources */,
				BAD3AB2C212668BF008F417C /* TTBaseViewController.swift in Sources */,
				A1466795213068F300A15CF3 /* TTDetailDiaryPresenter.swift in Sources */,
				A0AD5DD6212FEA7A00D76543 /* TTSharedDiaryView.swift in Sources */,
				BAD3AB3B212672F3008F417C /* TTServiceResult.swift in Sources */,
				BAD3AB812126F83F008F417C /* MyDiaryCell.swift in Sources */,
				BAD3AB2E212669DE008F417C /* TTBasePresenter.swift in Sources */,
				BAD3AB292126647C008F417C /* TTMyDiaryViewController.swift in Sources */,
				A17ED5FB2148085F00E28462 /* TTAPIManager.swift in Sources */,
				BAD3AB3D21268957008F417C /* TTMyDiaryWireFrame.swift in Sources */,
				A14667A82130D11D00A15CF3 /* TTMyDiaryCell.swift in Sources */,
				A14667A121307B3300A15CF3 /* TTDetailTextCell.swift in Sources */,
				A0AD5DD2212CFAB200D76543 /* TestDiary.swift in Sources */,
				A12211D12154E258004F931D /* TTDiaryData.swift in Sources */,
				A13FF2542128350400FB5642 /* UIColorExtension.swift in Sources */,
				A17ED5FF214AB76B00E28462 /* TTDeviceInfo.swift in Sources */,
				A13FF246212738C900FB5642 /* TTCurrentTimeGettable.swift in Sources */,
				A13FF25821284C3C00FB5642 /* TTPostContainer.swift in Sources */,
				A13FF2372124047100FB5642 /* NotificationExtension.swift in Sources */,
				A0AD5DD0212CF91C00D76543 /* TTSharedCollectionViewListCell.swift in Sources */,
				BAD3AB3421266F80008F417C /* TTMyDiaryInteractor.swift in Sources */,
				A1466796213068F700A15CF3 /* TTDetailDiaryInteractor.swift in Sources */,
				BAD3AB3721267165008F417C /* TTMyDiaryService.swift in Sources */,
				A1466797213068FA00A15CF3 /* TTDetailDiaryWireFrame.swift in Sources */,
				A13FF2502127E73D00FB5642 /* TTTodayDiaryViewController.swift in Sources */,
				A11F61B72123E6A90029E80A /* ViewController.swift in Sources */,
				A13FF22F2123FF0500FB5642 /* UIPageViewControllerExtension.swift in Sources */,
				A13FF2562128464800FB5642 /* TTPostMainView.swift in Sources */,
				A13FF21F2123EED900FB5642 /* TTMainPageViewController.swift in Sources */,
				A12211DB21579060004F931D /* TTTodayDiaryService.swift in Sources */,
				A13FF239212409B300FB5642 /* TTSharedVCExtension.swift in Sources */,
				A13FF2222123F85100FB5642 /* TTSharedViewController.swift in Sources */,
				A17ED5FD214809C400E28462 /* TTAuthAPIManager.swift in Sources */,
				A11F61B52123E6A90029E80A /* AppDelegate.swift in Sources */,
				A146679B21307A6900A15CF3 /* TTDetailImageCell.swift in Sources */,
				A12211D521564B59004F931D /* TTCanShowAlert.swift in Sources */,
				A0AD5DD4212FE2E600D76543 /* TTSharedCollectionViewDiaryCell.swift in Sources */,
			);
			runOnlyForDeploymentPostprocessing = 0;
		};
		A11F61C12123E6AA0029E80A /* Sources */ = {
			isa = PBXSourcesBuildPhase;
			buildActionMask = 2147483647;
			files = (
				A11F61CA2123E6AA0029E80A /* TipTapTests.swift in Sources */,
			);
			runOnlyForDeploymentPostprocessing = 0;
		};
		A11F61CC2123E6AB0029E80A /* Sources */ = {
			isa = PBXSourcesBuildPhase;
			buildActionMask = 2147483647;
			files = (
				A11F61D52123E6AB0029E80A /* TipTapUITests.swift in Sources */,
			);
			runOnlyForDeploymentPostprocessing = 0;
		};
/* End PBXSourcesBuildPhase section */

/* Begin PBXTargetDependency section */
		A11F61C72123E6AA0029E80A /* PBXTargetDependency */ = {
			isa = PBXTargetDependency;
			target = A11F61B02123E6A90029E80A /* TipTap */;
			targetProxy = A11F61C62123E6AA0029E80A /* PBXContainerItemProxy */;
		};
		A11F61D22123E6AB0029E80A /* PBXTargetDependency */ = {
			isa = PBXTargetDependency;
			target = A11F61B02123E6A90029E80A /* TipTap */;
			targetProxy = A11F61D12123E6AB0029E80A /* PBXContainerItemProxy */;
		};
/* End PBXTargetDependency section */

/* Begin PBXVariantGroup section */
		A11F61B82123E6A90029E80A /* Main.storyboard */ = {
			isa = PBXVariantGroup;
			children = (
				A11F61B92123E6A90029E80A /* Base */,
			);
			name = Main.storyboard;
			sourceTree = "<group>";
		};
		A11F61BD2123E6AA0029E80A /* LaunchScreen.storyboard */ = {
			isa = PBXVariantGroup;
			children = (
				A11F61BE2123E6AA0029E80A /* Base */,
			);
			name = LaunchScreen.storyboard;
			sourceTree = "<group>";
		};
/* End PBXVariantGroup section */

/* Begin XCBuildConfiguration section */
		A11F61D72123E6AB0029E80A /* Debug */ = {
			isa = XCBuildConfiguration;
			buildSettings = {
				ALWAYS_SEARCH_USER_PATHS = NO;
				CLANG_ANALYZER_NONNULL = YES;
				CLANG_ANALYZER_NUMBER_OBJECT_CONVERSION = YES_AGGRESSIVE;
				CLANG_CXX_LANGUAGE_STANDARD = "gnu++14";
				CLANG_CXX_LIBRARY = "libc++";
				CLANG_ENABLE_MODULES = YES;
				CLANG_ENABLE_OBJC_ARC = YES;
				CLANG_ENABLE_OBJC_WEAK = YES;
				CLANG_WARN_BLOCK_CAPTURE_AUTORELEASING = YES;
				CLANG_WARN_BOOL_CONVERSION = YES;
				CLANG_WARN_COMMA = YES;
				CLANG_WARN_CONSTANT_CONVERSION = YES;
				CLANG_WARN_DEPRECATED_OBJC_IMPLEMENTATIONS = YES;
				CLANG_WARN_DIRECT_OBJC_ISA_USAGE = YES_ERROR;
				CLANG_WARN_DOCUMENTATION_COMMENTS = YES;
				CLANG_WARN_EMPTY_BODY = YES;
				CLANG_WARN_ENUM_CONVERSION = YES;
				CLANG_WARN_INFINITE_RECURSION = YES;
				CLANG_WARN_INT_CONVERSION = YES;
				CLANG_WARN_NON_LITERAL_NULL_CONVERSION = YES;
				CLANG_WARN_OBJC_IMPLICIT_RETAIN_SELF = YES;
				CLANG_WARN_OBJC_LITERAL_CONVERSION = YES;
				CLANG_WARN_OBJC_ROOT_CLASS = YES_ERROR;
				CLANG_WARN_RANGE_LOOP_ANALYSIS = YES;
				CLANG_WARN_STRICT_PROTOTYPES = YES;
				CLANG_WARN_SUSPICIOUS_MOVE = YES;
				CLANG_WARN_UNGUARDED_AVAILABILITY = YES_AGGRESSIVE;
				CLANG_WARN_UNREACHABLE_CODE = YES;
				CLANG_WARN__DUPLICATE_METHOD_MATCH = YES;
				CODE_SIGN_IDENTITY = "iPhone Developer";
				COPY_PHASE_STRIP = NO;
				DEBUG_INFORMATION_FORMAT = dwarf;
				ENABLE_STRICT_OBJC_MSGSEND = YES;
				ENABLE_TESTABILITY = YES;
				GCC_C_LANGUAGE_STANDARD = gnu11;
				GCC_DYNAMIC_NO_PIC = NO;
				GCC_NO_COMMON_BLOCKS = YES;
				GCC_OPTIMIZATION_LEVEL = 0;
				GCC_PREPROCESSOR_DEFINITIONS = (
					"DEBUG=1",
					"$(inherited)",
				);
				GCC_WARN_64_TO_32_BIT_CONVERSION = YES;
				GCC_WARN_ABOUT_RETURN_TYPE = YES_ERROR;
				GCC_WARN_UNDECLARED_SELECTOR = YES;
				GCC_WARN_UNINITIALIZED_AUTOS = YES_AGGRESSIVE;
				GCC_WARN_UNUSED_FUNCTION = YES;
				GCC_WARN_UNUSED_VARIABLE = YES;
				IPHONEOS_DEPLOYMENT_TARGET = 11.4;
				MTL_ENABLE_DEBUG_INFO = YES;
				ONLY_ACTIVE_ARCH = YES;
				SDKROOT = iphoneos;
				SWIFT_ACTIVE_COMPILATION_CONDITIONS = DEBUG;
				SWIFT_OPTIMIZATION_LEVEL = "-Onone";
			};
			name = Debug;
		};
		A11F61D82123E6AB0029E80A /* Release */ = {
			isa = XCBuildConfiguration;
			buildSettings = {
				ALWAYS_SEARCH_USER_PATHS = NO;
				CLANG_ANALYZER_NONNULL = YES;
				CLANG_ANALYZER_NUMBER_OBJECT_CONVERSION = YES_AGGRESSIVE;
				CLANG_CXX_LANGUAGE_STANDARD = "gnu++14";
				CLANG_CXX_LIBRARY = "libc++";
				CLANG_ENABLE_MODULES = YES;
				CLANG_ENABLE_OBJC_ARC = YES;
				CLANG_ENABLE_OBJC_WEAK = YES;
				CLANG_WARN_BLOCK_CAPTURE_AUTORELEASING = YES;
				CLANG_WARN_BOOL_CONVERSION = YES;
				CLANG_WARN_COMMA = YES;
				CLANG_WARN_CONSTANT_CONVERSION = YES;
				CLANG_WARN_DEPRECATED_OBJC_IMPLEMENTATIONS = YES;
				CLANG_WARN_DIRECT_OBJC_ISA_USAGE = YES_ERROR;
				CLANG_WARN_DOCUMENTATION_COMMENTS = YES;
				CLANG_WARN_EMPTY_BODY = YES;
				CLANG_WARN_ENUM_CONVERSION = YES;
				CLANG_WARN_INFINITE_RECURSION = YES;
				CLANG_WARN_INT_CONVERSION = YES;
				CLANG_WARN_NON_LITERAL_NULL_CONVERSION = YES;
				CLANG_WARN_OBJC_IMPLICIT_RETAIN_SELF = YES;
				CLANG_WARN_OBJC_LITERAL_CONVERSION = YES;
				CLANG_WARN_OBJC_ROOT_CLASS = YES_ERROR;
				CLANG_WARN_RANGE_LOOP_ANALYSIS = YES;
				CLANG_WARN_STRICT_PROTOTYPES = YES;
				CLANG_WARN_SUSPICIOUS_MOVE = YES;
				CLANG_WARN_UNGUARDED_AVAILABILITY = YES_AGGRESSIVE;
				CLANG_WARN_UNREACHABLE_CODE = YES;
				CLANG_WARN__DUPLICATE_METHOD_MATCH = YES;
				CODE_SIGN_IDENTITY = "iPhone Developer";
				COPY_PHASE_STRIP = NO;
				DEBUG_INFORMATION_FORMAT = "dwarf-with-dsym";
				ENABLE_NS_ASSERTIONS = NO;
				ENABLE_STRICT_OBJC_MSGSEND = YES;
				GCC_C_LANGUAGE_STANDARD = gnu11;
				GCC_NO_COMMON_BLOCKS = YES;
				GCC_WARN_64_TO_32_BIT_CONVERSION = YES;
				GCC_WARN_ABOUT_RETURN_TYPE = YES_ERROR;
				GCC_WARN_UNDECLARED_SELECTOR = YES;
				GCC_WARN_UNINITIALIZED_AUTOS = YES_AGGRESSIVE;
				GCC_WARN_UNUSED_FUNCTION = YES;
				GCC_WARN_UNUSED_VARIABLE = YES;
				IPHONEOS_DEPLOYMENT_TARGET = 11.4;
				MTL_ENABLE_DEBUG_INFO = NO;
				SDKROOT = iphoneos;
				SWIFT_COMPILATION_MODE = wholemodule;
				SWIFT_OPTIMIZATION_LEVEL = "-O";
				VALIDATE_PRODUCT = YES;
			};
			name = Release;
		};
		A11F61DA2123E6AB0029E80A /* Debug */ = {
			isa = XCBuildConfiguration;
			baseConfigurationReference = 7294FE1D1B42843F732E2B6F /* Pods-TipTap.debug.xcconfig */;
			buildSettings = {
				ASSETCATALOG_COMPILER_APPICON_NAME = AppIcon;
				CODE_SIGN_STYLE = Automatic;
				DEVELOPMENT_TEAM = 594TR8CRP9;
				FRAMEWORK_SEARCH_PATHS = (
					"$(inherited)",
					"$(PROJECT_DIR)",
				);
				INFOPLIST_FILE = TipTap/Info.plist;
				LD_RUNPATH_SEARCH_PATHS = (
					"$(inherited)",
					"@executable_path/Frameworks",
				);
				OTHER_LDFLAGS = (
					"$(inherited)",
					"-framework",
					"\"Alamofire\"",
					"-framework",
					"\"ScratchCard\"",
					"-framework",
					"\"SwiftyJSON\"",
					"-all_load",
				);
				PRODUCT_BUNDLE_IDENTIFIER = Tiptap.TipTap;
				PRODUCT_NAME = "$(TARGET_NAME)";
				SWIFT_VERSION = 4.0;
				TARGETED_DEVICE_FAMILY = "1,2";
			};
			name = Debug;
		};
		A11F61DB2123E6AB0029E80A /* Release */ = {
			isa = XCBuildConfiguration;
			baseConfigurationReference = 9D9BA63B41D47F3B40D2519F /* Pods-TipTap.release.xcconfig */;
			buildSettings = {
				ASSETCATALOG_COMPILER_APPICON_NAME = AppIcon;
				CODE_SIGN_STYLE = Automatic;
				DEVELOPMENT_TEAM = 594TR8CRP9;
				FRAMEWORK_SEARCH_PATHS = (
					"$(inherited)",
					"$(PROJECT_DIR)",
				);
				INFOPLIST_FILE = TipTap/Info.plist;
				LD_RUNPATH_SEARCH_PATHS = (
					"$(inherited)",
					"@executable_path/Frameworks",
				);
				OTHER_LDFLAGS = (
					"$(inherited)",
					"-framework",
					"\"Alamofire\"",
					"-framework",
					"\"ScratchCard\"",
					"-framework",
					"\"SwiftyJSON\"",
					"-all_load",
				);
				PRODUCT_BUNDLE_IDENTIFIER = Tiptap.TipTap;
				PRODUCT_NAME = "$(TARGET_NAME)";
				SWIFT_VERSION = 4.0;
				TARGETED_DEVICE_FAMILY = "1,2";
			};
			name = Release;
		};
		A11F61DD2123E6AB0029E80A /* Debug */ = {
			isa = XCBuildConfiguration;
			baseConfigurationReference = 161AD5D6554CB9C06A9BC1FE /* Pods-TipTapTests.debug.xcconfig */;
			buildSettings = {
				ALWAYS_EMBED_SWIFT_STANDARD_LIBRARIES = YES;
				BUNDLE_LOADER = "$(TEST_HOST)";
				CODE_SIGN_STYLE = Automatic;
				INFOPLIST_FILE = TipTapTests/Info.plist;
				LD_RUNPATH_SEARCH_PATHS = (
					"$(inherited)",
					"@executable_path/Frameworks",
					"@loader_path/Frameworks",
				);
				PRODUCT_BUNDLE_IDENTIFIER = Tiptap.TipTapTests;
				PRODUCT_NAME = "$(TARGET_NAME)";
				SWIFT_VERSION = 4.0;
				TARGETED_DEVICE_FAMILY = "1,2";
				TEST_HOST = "$(BUILT_PRODUCTS_DIR)/TipTap.app/TipTap";
			};
			name = Debug;
		};
		A11F61DE2123E6AB0029E80A /* Release */ = {
			isa = XCBuildConfiguration;
			baseConfigurationReference = 8A6C5BA4B6A3D70CF9F7B527 /* Pods-TipTapTests.release.xcconfig */;
			buildSettings = {
				ALWAYS_EMBED_SWIFT_STANDARD_LIBRARIES = YES;
				BUNDLE_LOADER = "$(TEST_HOST)";
				CODE_SIGN_STYLE = Automatic;
				INFOPLIST_FILE = TipTapTests/Info.plist;
				LD_RUNPATH_SEARCH_PATHS = (
					"$(inherited)",
					"@executable_path/Frameworks",
					"@loader_path/Frameworks",
				);
				PRODUCT_BUNDLE_IDENTIFIER = Tiptap.TipTapTests;
				PRODUCT_NAME = "$(TARGET_NAME)";
				SWIFT_VERSION = 4.0;
				TARGETED_DEVICE_FAMILY = "1,2";
				TEST_HOST = "$(BUILT_PRODUCTS_DIR)/TipTap.app/TipTap";
			};
			name = Release;
		};
		A11F61E02123E6AB0029E80A /* Debug */ = {
			isa = XCBuildConfiguration;
			baseConfigurationReference = 45FECE14D4A33994E9A93E25 /* Pods-TipTapUITests.debug.xcconfig */;
			buildSettings = {
				ALWAYS_EMBED_SWIFT_STANDARD_LIBRARIES = YES;
				CODE_SIGN_STYLE = Automatic;
				INFOPLIST_FILE = TipTapUITests/Info.plist;
				LD_RUNPATH_SEARCH_PATHS = (
					"$(inherited)",
					"@executable_path/Frameworks",
					"@loader_path/Frameworks",
				);
				PRODUCT_BUNDLE_IDENTIFIER = Tiptap.TipTapUITests;
				PRODUCT_NAME = "$(TARGET_NAME)";
				SWIFT_VERSION = 4.0;
				TARGETED_DEVICE_FAMILY = "1,2";
				TEST_TARGET_NAME = TipTap;
			};
			name = Debug;
		};
		A11F61E12123E6AB0029E80A /* Release */ = {
			isa = XCBuildConfiguration;
			baseConfigurationReference = F57B43A8AED4149F9706270F /* Pods-TipTapUITests.release.xcconfig */;
			buildSettings = {
				ALWAYS_EMBED_SWIFT_STANDARD_LIBRARIES = YES;
				CODE_SIGN_STYLE = Automatic;
				INFOPLIST_FILE = TipTapUITests/Info.plist;
				LD_RUNPATH_SEARCH_PATHS = (
					"$(inherited)",
					"@executable_path/Frameworks",
					"@loader_path/Frameworks",
				);
				PRODUCT_BUNDLE_IDENTIFIER = Tiptap.TipTapUITests;
				PRODUCT_NAME = "$(TARGET_NAME)";
				SWIFT_VERSION = 4.0;
				TARGETED_DEVICE_FAMILY = "1,2";
				TEST_TARGET_NAME = TipTap;
			};
			name = Release;
		};
/* End XCBuildConfiguration section */

/* Begin XCConfigurationList section */
		A11F61AC2123E6A90029E80A /* Build configuration list for PBXProject "TipTap" */ = {
			isa = XCConfigurationList;
			buildConfigurations = (
				A11F61D72123E6AB0029E80A /* Debug */,
				A11F61D82123E6AB0029E80A /* Release */,
			);
			defaultConfigurationIsVisible = 0;
			defaultConfigurationName = Release;
		};
		A11F61D92123E6AB0029E80A /* Build configuration list for PBXNativeTarget "TipTap" */ = {
			isa = XCConfigurationList;
			buildConfigurations = (
				A11F61DA2123E6AB0029E80A /* Debug */,
				A11F61DB2123E6AB0029E80A /* Release */,
			);
			defaultConfigurationIsVisible = 0;
			defaultConfigurationName = Release;
		};
		A11F61DC2123E6AB0029E80A /* Build configuration list for PBXNativeTarget "TipTapTests" */ = {
			isa = XCConfigurationList;
			buildConfigurations = (
				A11F61DD2123E6AB0029E80A /* Debug */,
				A11F61DE2123E6AB0029E80A /* Release */,
			);
			defaultConfigurationIsVisible = 0;
			defaultConfigurationName = Release;
		};
		A11F61DF2123E6AB0029E80A /* Build configuration list for PBXNativeTarget "TipTapUITests" */ = {
			isa = XCConfigurationList;
			buildConfigurations = (
				A11F61E02123E6AB0029E80A /* Debug */,
				A11F61E12123E6AB0029E80A /* Release */,
			);
			defaultConfigurationIsVisible = 0;
			defaultConfigurationName = Release;
		};
/* End XCConfigurationList section */
	};
	rootObject = A11F61A92123E6A90029E80A /* Project object */;
}
